<?xml version="1.0" encoding="utf-8"?>
<Project ToolsVersion="4.0" xmlns="http://schemas.microsoft.com/developer/msbuild/2003">
  <ItemGroup>
    <Filter Include="Generated Files">
      <UniqueIdentifier>{71ED8ED8-ACB9-4CE9-BBE1-E00B30144E11}</UniqueIdentifier>
      <Extensions>cpp;c;cxx;moc;h;def;odl;idl;res;</Extensions>
    </Filter>
    <Filter Include="Generated Files">
      <UniqueIdentifier>{71ED8ED8-ACB9-4CE9-BBE1-E00B30144E11}</UniqueIdentifier>
      <Extensions>cpp;c;cxx;moc;h;def;odl;idl;res;</Extensions>
    </Filter>
    <Filter Include="Header Files">
      <UniqueIdentifier>{93995380-89BD-4b04-88EB-625FBE52EBFB}</UniqueIdentifier>
      <Extensions>h;hpp;hxx;hm;inl;inc;xsd</Extensions>
    </Filter>
    <Filter Include="Header Files">
      <UniqueIdentifier>{93995380-89BD-4b04-88EB-625FBE52EBFB}</UniqueIdentifier>
      <Extensions>h;hpp;hxx;hm;inl;inc;xsd</Extensions>
    </Filter>
    <Filter Include="Source Files">
      <UniqueIdentifier>{4FC737F1-C7A5-4376-A066-2A32D752A2FF}</UniqueIdentifier>
      <Extensions>cpp;c;cxx;def;odl;idl;hpj;bat;asm;asmx</Extensions>
    </Filter>
    <Filter Include="Source Files">
      <UniqueIdentifier>{4FC737F1-C7A5-4376-A066-2A32D752A2FF}</UniqueIdentifier>
      <Extensions>cpp;c;cxx;def;odl;idl;hpj;bat;asm;asmx</Extensions>
    </Filter>
    <Filter Include="Resource Files">
      <UniqueIdentifier>{67461ecf-09c9-41eb-a48a-d4d1ed5de95f}</UniqueIdentifier>
      <Extensions>rc;ico;png;jpg;jpeg;bmp</Extensions>
    </Filter>
  </ItemGroup>
  <ItemGroup>
    <ClCompile Include="src\HKApplication.cpp">
      <Filter>Source Files</Filter>
    </ClCompile>
    <ClCompile Include="src\HKAssembly.cpp">
      <Filter>Source Files</Filter>
    </ClCompile>
    <ClCompile Include="src\HKConfig.cpp">
      <Filter>Source Files</Filter>
    </ClCompile>
    <ClCompile Include="src\HKDefs.cpp">
      <Filter>Source Files</Filter>
    </ClCompile>
    <ClCompile Include="src\HKFunctions.cpp">
      <Filter>Source Files</Filter>
    </ClCompile>
    <ClCompile Include="src\HKScript.cpp">
      <Filter>Source Files</Filter>
    </ClCompile>
    <ClCompile Include="src\main.cpp">
      <Filter>Source Files</Filter>
    </ClCompile>
    <ClCompile Include="output\tmp\moc_HKFunctions.cpp">
      <Filter>Generated Files</Filter>
    </ClCompile>
    <ClCompile Include="output\tmp\moc_HKAssembly.cpp">
      <Filter>Generated Files</Filter>
    </ClCompile>
    <ClCompile Include="output\tmp\moc_HKApplication.cpp">
      <Filter>Generated Files</Filter>
    </ClCompile>
    <ClCompile Include="src\HKHook.cpp">
      <Filter>Generated Files</Filter>
    </ClCompile>
    <ClCompile Include="output\tmp\moc_HKHook.cpp">
      <Filter>Generated Files</Filter>
    </ClCompile>
  </ItemGroup>
  <ItemGroup>
    <CustomBuild Include="src\HKApplication.h">
      <Filter>Header Files</Filter>
    </CustomBuild>
    <CustomBuild Include="src\HKAssembly.h">
      <Filter>Header Files</Filter>
    </CustomBuild>
    <ClInclude Include="src\HKConfig.h">
      <Filter>Header Files</Filter>
    </ClInclude>
    <ClInclude Include="src\HKDefs.h">
      <Filter>Header Files</Filter>
    </ClInclude>
    <CustomBuild Include="src\HKFunctions.h">
      <Filter>Header Files</Filter>
    </CustomBuild>
    <ClInclude Include="src\HKScript.h">
      <Filter>Header Files</Filter>
    </ClInclude>
    <CustomBuild Include="src\HKHook.h">
      <Filter>Generated Files</Filter>
    </CustomBuild>
  </ItemGroup>
  <ItemGroup>
    <ClInclude Include="resource.h">
      <Filter>Generated Files</Filter>
    </ClInclude>
    <ClInclude Include="src\HKFunctions_win.hpp">
      <Filter>Header Files</Filter>
    </ClInclude>
    <ClInclude Include="src\HKApplication_win.hpp">
      <Filter>Header Files</Filter>
    </ClInclude>
    <ClInclude Include="src\HKDefs_win.hpp">
      <Filter>Header Files</Filter>
    </ClInclude>
    <ClInclude Include="src\HKHook_win.hpp">
      <Filter>Header Files</Filter>
    </ClInclude>
  </ItemGroup>
  <ItemGroup>
    <Image Include="res\ico.ico">
      <Filter>Resource Files</Filter>
    </Image>
  </ItemGroup>
  <ItemGroup>
    <ResourceCompile Include="Resource.rc">
      <Filter>Resource Files</Filter>
    </ResourceCompile>
  </ItemGroup>
</Project>